
Microsoft Visual Studio Solution File, Format Version 12.00
# Visual Studio Version 17
VisualStudioVersion = 17.0.32014.148
MinimumVisualStudioVersion = 10.0.40219.1
Project("{FAE04EC0-301F-11D3-BF4B-00C04F79EFBC}") = "e-Ticket", "e-Ticket.csproj", "{CBA20BF0-4A27-4821-9543-3AEC780A7C12}"
EndProject
Global
	GlobalSection(SolutionConfigurationPlatforms) = preSolution
		Debug|Any CPU = Debug|Any CPU
		Release|Any CPU = Release|Any CPU
	EndGlobalSection
	GlobalSection(ProjectConfigurationPlatforms) = postSolution
		{CBA20BF0-4A27-4821-9543-3AEC780A7C12}.Debug|Any CPU.ActiveCfg = Debug|Any CPU
		{CBA20BF0-4A27-4821-9543-3AEC780A7C12}.Debug|Any CPU.Build.0 = Debug|Any CPU
		{CBA20BF0-4A27-4821-9543-3AEC780A7C12}.Release|Any CPU.ActiveCfg = Release|Any CPU
		{CBA20BF0-4A27-4821-9543-3AEC780A7C12}.Release|Any CPU.Build.0 = Release|Any CPU
	EndGlobalSection
	GlobalSection(SolutionProperties) = preSolution
		HideSolutionNode = FALSE
	EndGlobalSection
	GlobalSection(ExtensibilityGlobals) = postSolution
		SolutionGuid = {55C89E19-7927-4202-A67B-9386B86585DC}
	EndGlobalSection
EndGlobal
